
Microsoft Visual Studio Solution File, Format Version 12.00
# Visual Studio Version 17
VisualStudioVersion = 17.0.32126.317
MinimumVisualStudioVersion = 10.0.40219.1
Project("{FAE04EC0-301F-11D3-BF4B-00C04F79EFBC}") = "WindowsFormsApp7", "WindowsFormsApp7\WindowsFormsApp7.csproj", "{BC0EAE82-B089-4C24-8527-A2860458189C}"
EndProject
Global
	GlobalSection(SolutionConfigurationPlatforms) = preSolution
		Debug|Any CPU = Debug|Any CPU
		Release|Any CPU = Release|Any CPU
	EndGlobalSection
	GlobalSection(ProjectConfigurationPlatforms) = postSolution
		{BC0EAE82-B089-4C24-8527-A2860458189C}.Debug|Any CPU.ActiveCfg = Debug|Any CPU
		{BC0EAE82-B089-4C24-8527-A2860458189C}.Debug|Any CPU.Build.0 = Debug|Any CPU
		{BC0EAE82-B089-4C24-8527-A2860458189C}.Release|Any CPU.ActiveCfg = Release|Any CPU
		{BC0EAE82-B089-4C24-8527-A2860458189C}.Release|Any CPU.Build.0 = Release|Any CPU
	EndGlobalSection
	GlobalSection(SolutionProperties) = preSolution
		HideSolutionNode = FALSE
	EndGlobalSection
	GlobalSection(ExtensibilityGlobals) = postSolution
		SolutionGuid = {022224F0-312A-445A-9BBC-C43F0F467DD9}
	EndGlobalSection
EndGlobal
